Microsoft Visual Studio Solution File, Format Version 12.00
# Visual Studio 15
VisualStudioVersion = 15.0.26730.16
MinimumVisualStudioVersion = 10.0.40219.1
Project("{D954291E-2A0B-460D-934E-DC6B0785DB48}") = "Centerstone", "Centerstone\Centerstone.shproj", "{4EE89EBC-CF35-4936-B4BB-E0F50C06F32E}"
EndProject
Project("{FAE04EC0-301F-11D3-BF4B-00C04F79EFBC}") = "Centerstone.iOS", "iOS\Centerstone.iOS.csproj", "{1E3DB28C-85F7-480E-8C85-69DBC0C17428}"
EndProject
Project("{FAE04EC0-301F-11D3-BF4B-00C04F79EFBC}") = "Centerstone.Droid", "Droid\Centerstone.Droid.csproj", "{522326A5-71B0-4FF5-9EE8-FE55E2BE3A81}"
EndProject
Project("{FAE04EC0-301F-11D3-BF4B-00C04F79EFBC}") = "Centerstone.MobileAppService", "MobileAppService\Centerstone.MobileAppService.csproj", "{DE3A354B-3D22-44B8-8CF0-227E775A898C}"
EndProject
Project("{FAE04EC0-301F-11D3-BF4B-00C04F79EFBC}") = "Centerstone.Models", "Centerstone.Models\Centerstone.Models.csproj", "{ECDBCDA8-C918-4E2D-B675-641517C42A8D}"
EndProject
Project("{FAE04EC0-301F-11D3-BF4B-00C04F79EFBC}") = "Centerstone.Web", "Centerstone.Web\Centerstone.Web.csproj", "{78C488D7-AA56-41EF-AB07-CE11F8BFA011}"
EndProject
Global
	GlobalSection(SharedMSBuildProjectFiles) = preSolution
		Centerstone\Centerstone.projitems*{1e3db28c-85f7-480e-8c85-69dbc0c17428}*SharedItemsImports = 4
		Centerstone\Centerstone.projitems*{4ee89ebc-cf35-4936-b4bb-e0f50c06f32e}*SharedItemsImports = 13
		Centerstone\Centerstone.projitems*{522326a5-71b0-4ff5-9ee8-fe55e2be3a81}*SharedItemsImports = 4
	EndGlobalSection
	GlobalSection(SolutionConfigurationPlatforms) = preSolution
		Debug|Any CPU = Debug|Any CPU
		Debug|ARM = Debug|ARM
		Debug|iPhone = Debug|iPhone
		Debug|iPhoneSimulator = Debug|iPhoneSimulator
		Debug|x64 = Debug|x64
		Debug|x86 = Debug|x86
		Release|Any CPU = Release|Any CPU
		Release|ARM = Release|ARM
		Release|iPhone = Release|iPhone
		Release|iPhoneSimulator = Release|iPhoneSimulator
		Release|x64 = Release|x64
		Release|x86 = Release|x86
	EndGlobalSection
	GlobalSection(ProjectConfigurationPlatforms) = postSolution
		{1E3DB28C-85F7-480E-8C85-69DBC0C17428}.Debug|Any CPU.ActiveCfg = Debug|iPhoneSimulator
		{1E3DB28C-85F7-480E-8C85-69DBC0C17428}.Debug|Any CPU.Build.0 = Debug|iPhoneSimulator
		{1E3DB28C-85F7-480E-8C85-69DBC0C17428}.Debug|ARM.ActiveCfg = Debug|iPhone
		{1E3DB28C-85F7-480E-8C85-69DBC0C17428}.Debug|iPhone.ActiveCfg = Debug|iPhone
		{1E3DB28C-85F7-480E-8C85-69DBC0C17428}.Debug|iPhone.Build.0 = Debug|iPhone
		{1E3DB28C-85F7-480E-8C85-69DBC0C17428}.Debug|iPhoneSimulator.ActiveCfg = Debug|iPhoneSimulator
		{1E3DB28C-85F7-480E-8C85-69DBC0C17428}.Debug|iPhoneSimulator.Build.0 = Debug|iPhoneSimulator
		{1E3DB28C-85F7-480E-8C85-69DBC0C17428}.Debug|x64.ActiveCfg = Debug|iPhone
		{1E3DB28C-85F7-480E-8C85-69DBC0C17428}.Debug|x86.ActiveCfg = Debug|iPhone
		{1E3DB28C-85F7-480E-8C85-69DBC0C17428}.Release|Any CPU.ActiveCfg = Release|iPhone
		{1E3DB28C-85F7-480E-8C85-69DBC0C17428}.Release|Any CPU.Build.0 = Release|iPhone
		{1E3DB28C-85F7-480E-8C85-69DBC0C17428}.Release|ARM.ActiveCfg = Release|iPhoneSimulator
		{1E3DB28C-85F7-480E-8C85-69DBC0C17428}.Release|iPhone.ActiveCfg = Release|iPhone
		{1E3DB28C-85F7-480E-8C85-69DBC0C17428}.Release|iPhone.Build.0 = Release|iPhone
		{1E3DB28C-85F7-480E-8C85-69DBC0C17428}.Release|iPhoneSimulator.ActiveCfg = Release|iPhoneSimulator
		{1E3DB28C-85F7-480E-8C85-69DBC0C17428}.Release|iPhoneSimulator.Build.0 = Release|iPhoneSimulator
		{1E3DB28C-85F7-480E-8C85-69DBC0C17428}.Release|x64.ActiveCfg = Release|iPhoneSimulator
		{1E3DB28C-85F7-480E-8C85-69DBC0C17428}.Release|x86.ActiveCfg = Release|iPhoneSimulator
		{522326A5-71B0-4FF5-9EE8-FE55E2BE3A81}.Debug|Any CPU.ActiveCfg = Debug|Any CPU
		{522326A5-71B0-4FF5-9EE8-FE55E2BE3A81}.Debug|Any CPU.Build.0 = Debug|Any CPU
		{522326A5-71B0-4FF5-9EE8-FE55E2BE3A81}.Debug|Any CPU.Deploy.0 = Debug|Any CPU
		{522326A5-71B0-4FF5-9EE8-FE55E2BE3A81}.Debug|ARM.ActiveCfg = Debug|Any CPU
		{522326A5-71B0-4FF5-9EE8-FE55E2BE3A81}.Debug|ARM.Build.0 = Debug|Any CPU
		{522326A5-71B0-4FF5-9EE8-FE55E2BE3A81}.Debug|ARM.Deploy.0 = Debug|Any CPU
		{522326A5-71B0-4FF5-9EE8-FE55E2BE3A81}.Debug|iPhone.ActiveCfg = Debug|Any CPU
		{522326A5-71B0-4FF5-9EE8-FE55E2BE3A81}.Debug|iPhone.Build.0 = Debug|Any CPU
		{522326A5-71B0-4FF5-9EE8-FE55E2BE3A81}.Debug|iPhoneSimulator.ActiveCfg = Debug|Any CPU
		{522326A5-71B0-4FF5-9EE8-FE55E2BE3A81}.Debug|iPhoneSimulator.Build.0 = Debug|Any CPU
		{522326A5-71B0-4FF5-9EE8-FE55E2BE3A81}.Debug|x64.ActiveCfg = Debug|Any CPU
		{522326A5-71B0-4FF5-9EE8-FE55E2BE3A81}.Debug|x64.Build.0 = Debug|Any CPU
		{522326A5-71B0-4FF5-9EE8-FE55E2BE3A81}.Debug|x64.Deploy.0 = Debug|Any CPU
		{522326A5-71B0-4FF5-9EE8-FE55E2BE3A81}.Debug|x86.ActiveCfg = Debug|Any CPU
		{522326A5-71B0-4FF5-9EE8-FE55E2BE3A81}.Debug|x86.Build.0 = Debug|Any CPU
		{522326A5-71B0-4FF5-9EE8-FE55E2BE3A81}.Debug|x86.Deploy.0 = Debug|Any CPU
		{522326A5-71B0-4FF5-9EE8-FE55E2BE3A81}.Release|Any CPU.ActiveCfg = Release|Any CPU
		{522326A5-71B0-4FF5-9EE8-FE55E2BE3A81}.Release|Any CPU.Build.0 = Release|Any CPU
		{522326A5-71B0-4FF5-9EE8-FE55E2BE3A81}.Release|ARM.ActiveCfg = Release|Any CPU
		{522326A5-71B0-4FF5-9EE8-FE55E2BE3A81}.Release|ARM.Build.0 = Release|Any CPU
		{522326A5-71B0-4FF5-9EE8-FE55E2BE3A81}.Release|ARM.Deploy.0 = Release|Any CPU
		{522326A5-71B0-4FF5-9EE8-FE55E2BE3A81}.Release|iPhone.ActiveCfg = Release|Any CPU
		{522326A5-71B0-4FF5-9EE8-FE55E2BE3A81}.Release|iPhone.Build.0 = Release|Any CPU
		{522326A5-71B0-4FF5-9EE8-FE55E2BE3A81}.Release|iPhoneSimulator.ActiveCfg = Release|Any CPU
		{522326A5-71B0-4FF5-9EE8-FE55E2BE3A81}.Release|iPhoneSimulator.Build.0 = Release|Any CPU
		{522326A5-71B0-4FF5-9EE8-FE55E2BE3A81}.Release|x64.ActiveCfg = Release|Any CPU
		{522326A5-71B0-4FF5-9EE8-FE55E2BE3A81}.Release|x64.Build.0 = Release|Any CPU
		{522326A5-71B0-4FF5-9EE8-FE55E2BE3A81}.Release|x64.Deploy.0 = Release|Any CPU
		{522326A5-71B0-4FF5-9EE8-FE55E2BE3A81}.Release|x86.ActiveCfg = Release|Any CPU
		{522326A5-71B0-4FF5-9EE8-FE55E2BE3A81}.Release|x86.Build.0 = Release|Any CPU
		{522326A5-71B0-4FF5-9EE8-FE55E2BE3A81}.Release|x86.Deploy.0 = Release|Any CPU
		{DE3A354B-3D22-44B8-8CF0-227E775A898C}.Debug|Any CPU.ActiveCfg = Debug|Any CPU
		{DE3A354B-3D22-44B8-8CF0-227E775A898C}.Debug|Any CPU.Build.0 = Debug|Any CPU
		{DE3A354B-3D22-44B8-8CF0-227E775A898C}.Debug|ARM.ActiveCfg = Debug|Any CPU
		{DE3A354B-3D22-44B8-8CF0-227E775A898C}.Debug|ARM.Build.0 = Debug|Any CPU
		{DE3A354B-3D22-44B8-8CF0-227E775A898C}.Debug|iPhone.ActiveCfg = Debug|Any CPU
		{DE3A354B-3D22-44B8-8CF0-227E775A898C}.Debug|iPhone.Build.0 = Debug|Any CPU
		{DE3A354B-3D22-44B8-8CF0-227E775A898C}.Debug|iPhoneSimulator.ActiveCfg = Debug|Any CPU
		{DE3A354B-3D22-44B8-8CF0-227E775A898C}.Debug|iPhoneSimulator.Build.0 = Debug|Any CPU
		{DE3A354B-3D22-44B8-8CF0-227E775A898C}.Debug|x64.ActiveCfg = Debug|Any CPU
		{DE3A354B-3D22-44B8-8CF0-227E775A898C}.Debug|x64.Build.0 = Debug|Any CPU
		{DE3A354B-3D22-44B8-8CF0-227E775A898C}.Debug|x86.ActiveCfg = Debug|Any CPU
		{DE3A354B-3D22-44B8-8CF0-227E775A898C}.Debug|x86.Build.0 = Debug|Any CPU
		{DE3A354B-3D22-44B8-8CF0-227E775A898C}.Release|Any CPU.ActiveCfg = Release|Any CPU
		{DE3A354B-3D22-44B8-8CF0-227E775A898C}.Release|Any CPU.Build.0 = Release|Any CPU
		{DE3A354B-3D22-44B8-8CF0-227E775A898C}.Release|ARM.ActiveCfg = Release|Any CPU
		{DE3A354B-3D22-44B8-8CF0-227E775A898C}.Release|iPhone.ActiveCfg = Release|Any CPU
		{DE3A354B-3D22-44B8-8CF0-227E775A898C}.Release|iPhoneSimulator.ActiveCfg = Release|Any CPU
		{DE3A354B-3D22-44B8-8CF0-227E775A898C}.Release|x64.ActiveCfg = Release|Any CPU
		{DE3A354B-3D22-44B8-8CF0-227E775A898C}.Release|x64.Build.0 = Release|Any CPU
		{DE3A354B-3D22-44B8-8CF0-227E775A898C}.Release|x86.ActiveCfg = Release|Any CPU
		{DE3A354B-3D22-44B8-8CF0-227E775A898C}.Release|x86.Build.0 = Release|Any CPU
		{ECDBCDA8-C918-4E2D-B675-641517C42A8D}.Debug|Any CPU.ActiveCfg = Debug|Any CPU
		{ECDBCDA8-C918-4E2D-B675-641517C42A8D}.Debug|Any CPU.Build.0 = Debug|Any CPU
		{ECDBCDA8-C918-4E2D-B675-641517C42A8D}.Debug|ARM.ActiveCfg = Debug|Any CPU
		{ECDBCDA8-C918-4E2D-B675-641517C42A8D}.Debug|ARM.Build.0 = Debug|Any CPU
		{ECDBCDA8-C918-4E2D-B675-641517C42A8D}.Debug|iPhone.ActiveCfg = Debug|Any CPU
		{ECDBCDA8-C918-4E2D-B675-641517C42A8D}.Debug|iPhone.Build.0 = Debug|Any CPU
		{ECDBCDA8-C918-4E2D-B675-641517C42A8D}.Debug|iPhoneSimulator.ActiveCfg = Debug|Any CPU
		{ECDBCDA8-C918-4E2D-B675-641517C42A8D}.Debug|iPhoneSimulator.Build.0 = Debug|Any CPU
		{ECDBCDA8-C918-4E2D-B675-641517C42A8D}.Debug|x64.ActiveCfg = Debug|Any CPU
		{ECDBCDA8-C918-4E2D-B675-641517C42A8D}.Debug|x64.Build.0 = Debug|Any CPU
		{ECDBCDA8-C918-4E2D-B675-641517C42A8D}.Debug|x86.ActiveCfg = Debug|Any CPU
		{ECDBCDA8-C918-4E2D-B675-641517C42A8D}.Debug|x86.Build.0 = Debug|Any CPU
		{ECDBCDA8-C918-4E2D-B675-641517C42A8D}.Release|Any CPU.ActiveCfg = Release|Any CPU
		{ECDBCDA8-C918-4E2D-B675-641517C42A8D}.Release|Any CPU.Build.0 = Release|Any CPU
		{ECDBCDA8-C918-4E2D-B675-641517C42A8D}.Release|ARM.ActiveCfg = Release|Any CPU
		{ECDBCDA8-C918-4E2D-B675-641517C42A8D}.Release|ARM.Build.0 = Release|Any CPU
		{ECDBCDA8-C918-4E2D-B675-641517C42A8D}.Release|iPhone.ActiveCfg = Release|Any CPU
		{ECDBCDA8-C918-4E2D-B675-641517C42A8D}.Release|iPhone.Build.0 = Release|Any CPU
		{ECDBCDA8-C918-4E2D-B675-641517C42A8D}.Release|iPhoneSimulator.ActiveCfg = Release|Any CPU
		{ECDBCDA8-C918-4E2D-B675-641517C42A8D}.Release|iPhoneSimulator.Build.0 = Release|Any CPU
		{ECDBCDA8-C918-4E2D-B675-641517C42A8D}.Release|x64.ActiveCfg = Release|Any CPU
		{ECDBCDA8-C918-4E2D-B675-641517C42A8D}.Release|x64.Build.0 = Release|Any CPU
		{ECDBCDA8-C918-4E2D-B675-641517C42A8D}.Release|x86.ActiveCfg = Release|Any CPU
		{ECDBCDA8-C918-4E2D-B675-641517C42A8D}.Release|x86.Build.0 = Release|Any CPU
		{78C488D7-AA56-41EF-AB07-CE11F8BFA011}.Debug|Any CPU.ActiveCfg = Debug|Any CPU
		{78C488D7-AA56-41EF-AB07-CE11F8BFA011}.Debug|Any CPU.Build.0 = Debug|Any CPU
		{78C488D7-AA56-41EF-AB07-CE11F8BFA011}.Debug|ARM.ActiveCfg = Debug|Any CPU
		{78C488D7-AA56-41EF-AB07-CE11F8BFA011}.Debug|ARM.Build.0 = Debug|Any CPU
		{78C488D7-AA56-41EF-AB07-CE11F8BFA011}.Debug|iPhone.ActiveCfg = Debug|Any CPU
		{78C488D7-AA56-41EF-AB07-CE11F8BFA011}.Debug|iPhone.Build.0 = Debug|Any CPU
		{78C488D7-AA56-41EF-AB07-CE11F8BFA011}.Debug|iPhoneSimulator.ActiveCfg = Debug|Any CPU
		{78C488D7-AA56-41EF-AB07-CE11F8BFA011}.Debug|iPhoneSimulator.Build.0 = Debug|Any CPU
		{78C488D7-AA56-41EF-AB07-CE11F8BFA011}.Debug|x64.ActiveCfg = Debug|Any CPU
		{78C488D7-AA56-41EF-AB07-CE11F8BFA011}.Debug|x64.Build.0 = Debug|Any CPU
		{78C488D7-AA56-41EF-AB07-CE11F8BFA011}.Debug|x86.ActiveCfg = Debug|Any CPU
		{78C488D7-AA56-41EF-AB07-CE11F8BFA011}.Debug|x86.Build.0 = Debug|Any CPU
		{78C488D7-AA56-41EF-AB07-CE11F8BFA011}.Release|Any CPU.ActiveCfg = Release|Any CPU
		{78C488D7-AA56-41EF-AB07-CE11F8BFA011}.Release|Any CPU.Build.0 = Release|Any CPU
		{78C488D7-AA56-41EF-AB07-CE11F8BFA011}.Release|ARM.ActiveCfg = Release|Any CPU
		{78C488D7-AA56-41EF-AB07-CE11F8BFA011}.Release|ARM.Build.0 = Release|Any CPU
		{78C488D7-AA56-41EF-AB07-CE11F8BFA011}.Release|iPhone.ActiveCfg = Release|Any CPU
		{78C488D7-AA56-41EF-AB07-CE11F8BFA011}.Release|iPhone.Build.0 = Release|Any CPU
		{78C488D7-AA56-41EF-AB07-CE11F8BFA011}.Release|iPhoneSimulator.ActiveCfg = Release|Any CPU
		{78C488D7-AA56-41EF-AB07-CE11F8BFA011}.Release|iPhoneSimulator.Build.0 = Release|Any CPU
		{78C488D7-AA56-41EF-AB07-CE11F8BFA011}.Release|x64.ActiveCfg = Release|Any CPU
		{78C488D7-AA56-41EF-AB07-CE11F8BFA011}.Release|x64.Build.0 = Release|Any CPU
		{78C488D7-AA56-41EF-AB07-CE11F8BFA011}.Release|x86.ActiveCfg = Release|Any CPU
		{78C488D7-AA56-41EF-AB07-CE11F8BFA011}.Release|x86.Build.0 = Release|Any CPU
	EndGlobalSection
	GlobalSection(SolutionProperties) = preSolution
		HideSolutionNode = FALSE
	EndGlobalSection
	GlobalSection(ExtensibilityGlobals) = postSolution
		SolutionGuid = {6C64C487-52AC-42EC-8328-4393541FB696}
	EndGlobalSection
EndGlobal
